# Python 3.12.14 / Linux; regenerate per docs/backend-reproducible-build.md.
packaging==26.0 \
    --hash=sha256:00243ae351a257117b6a241061796684b084ed1c516a08c48a3f7e147a9d80b4 \
    --hash=sha256:b36f1fef9334a5588b4166f8bcd26a14e521f2b55e6b9de3aaa80d3ff7a37529
setuptools==80.9.0 \
    --hash=sha256:062d34222ad13e0cc312a4c02d73f059e86a4acbfbdea8f8f76b28c99f306922 \
    --hash=sha256:f36b47402ecde768dbfafc46e8e4207b4360c654f1f3bb84475f0a28628fb19c
wheel==0.46.2 \
    --hash=sha256:33ae60725d69eaa249bc1982e739943c23b34b58d51f1cb6253453773aca6e65 \
    --hash=sha256:3d79e48fde9847618a5a181f3cc35764c349c752e2fe911e65fa17faab9809b0
