// !$*UTF8*$!
{
	archiveVersion = 1;
	classes = {
	};
	objectVersion = 77;
	objects = {

/* Begin PBXBuildFile section */
		07939825DDB42FFA9B2649ED /* ChatInputBar.swift in Sources */ = {isa = PBXBuildFile; fileRef = BB63B402208C7E69F946E7BD /* ChatInputBar.swift */; };
		0D6B168E6164B25411D9D874 /* BlockCardDispatcher.swift in Sources */ = {isa = PBXBuildFile; fileRef = 2358634EFA73CA1C68794682 /* BlockCardDispatcher.swift */; };
		1995D55E8A97BAB4170D7656 /* SpeechRecognizerService.swift in Sources */ = {isa = PBXBuildFile; fileRef = AC6CC416750077F6D7DF859B /* SpeechRecognizerService.swift */; };
		1A5D7C672B1E21E9CBE54D6B /* ClarifyCard.swift in Sources */ = {isa = PBXBuildFile; fileRef = 487851A719C4FA40DFA066AC /* ClarifyCard.swift */; };
		1B83E300CE2CE743A621F7C5 /* InfoPlist.strings in Resources */ = {isa = PBXBuildFile; fileRef = 4E35AD99D2D7E9243E8DADC7 /* InfoPlist.strings */; };
		1CFDE4C45A3F91B300210288 /* TenantSessionCoordinator.swift in Sources */ = {isa = PBXBuildFile; fileRef = 649C465782634364AD5E28C2 /* TenantSessionCoordinator.swift */; };
		1DEF132BBABAAE7BE740235E /* KnowledgeNoteStore.swift in Sources */ = {isa = PBXBuildFile; fileRef = 62ED7CB52D98E7F4FE22A9D2 /* KnowledgeNoteStore.swift */; };
		1EF0A40ED0CF79A929CB6F20 /* MarkdownBlockParser.swift in Sources */ = {isa = PBXBuildFile; fileRef = 5B1D23EEB21DD2DD62B8D52D /* MarkdownBlockParser.swift */; };
		254C1CD57C1EACE9BAAF30A1 /* ChatHistoryStore.swift in Sources */ = {isa = PBXBuildFile; fileRef = 682708AC3F789E460269179F /* ChatHistoryStore.swift */; };
		347B8891FA73F4A13044017F /* WorkflowDashboardView.swift in Sources */ = {isa = PBXBuildFile; fileRef = 865230675174544683A40C47 /* WorkflowDashboardView.swift */; };
		353DDBE9B6F14BAA4DD7F20F /* ChatStatusCards.swift in Sources */ = {isa = PBXBuildFile; fileRef = C1F5BB3EF9C10F911B036B99 /* ChatStatusCards.swift */; };
		364D6C336F779FC90000B64E /* ChatView.swift in Sources */ = {isa = PBXBuildFile; fileRef = BD70BD59CD071FB619837740 /* ChatView.swift */; };
		3FFEAF19DF3D4DE1A028D6F0 /* PlusMenuSheet.swift in Sources */ = {isa = PBXBuildFile; fileRef = DEA8E5B249F6B3A2259CE92A /* PlusMenuSheet.swift */; };
		44364A0B81BC8C873E2A107F /* QuantumAvatarView.swift in Sources */ = {isa = PBXBuildFile; fileRef = 7A0179B18110033BC1CA0851 /* QuantumAvatarView.swift */; };
		46A7BA6AEE27A567057B773D /* KnowledgeNoteStoreTests.swift in Sources */ = {isa = PBXBuildFile; fileRef = 95F6279732AE00F613FCAC2D /* KnowledgeNoteStoreTests.swift */; };
		47155502B4EED0A10D8AF2B3 /* WorkflowLifecycleDTOTests.swift in Sources */ = {isa = PBXBuildFile; fileRef = 7F8D52A373AED7411BC20AF3 /* WorkflowLifecycleDTOTests.swift */; };
		4968A2BF3FA933724CA3EED1 /* TokenSummaryCard.swift in Sources */ = {isa = PBXBuildFile; fileRef = CF013F7A1E943E1DB704B2C0 /* TokenSummaryCard.swift */; };
		4D0490AB8539AF2303A30FD6 /* APIClient.swift in Sources */ = {isa = PBXBuildFile; fileRef = 5739784ABF1359A2846D8888 /* APIClient.swift */; };
		511FE1B06DE33A584C0A8C69 /* QuickCommandTracker.swift in Sources */ = {isa = PBXBuildFile; fileRef = C46EACC0E8183D29E10202F1 /* QuickCommandTracker.swift */; };
		54F1BB8A5626FEC33057A530 /* TopologyCanvasView.swift in Sources */ = {isa = PBXBuildFile; fileRef = 416F0C2DCD91D27B61D53C19 /* TopologyCanvasView.swift */; };
		55FE0861FFFFA12CF6705B08 /* ChartCard.swift in Sources */ = {isa = PBXBuildFile; fileRef = 2DF83086061F218C1259F32C /* ChartCard.swift */; };
		5820D9361C974E6882000A61 /* TableCard.swift in Sources */ = {isa = PBXBuildFile; fileRef = A789A71D20741647361F7B75 /* TableCard.swift */; };
		63861CBA7873320BCFB4FD2B /* AIPlatformApp.swift in Sources */ = {isa = PBXBuildFile; fileRef = 964A9F3CAD461856EAF48590 /* AIPlatformApp.swift */; };
		6519DC1C7260123F1CD43718 /* UIModels.swift in Sources */ = {isa = PBXBuildFile; fileRef = F1BCBEC07C644E546DA3A3FD /* UIModels.swift */; };
		6FC5CA31170585AF34752430 /* TenantScopedCache.swift in Sources */ = {isa = PBXBuildFile; fileRef = 53A0A7C38F5304D820B4AD91 /* TenantScopedCache.swift */; };
		70A7548492134FB38A9468A2 /* Theme.swift in Sources */ = {isa = PBXBuildFile; fileRef = F421FF9169B217EA9B1F3CB3 /* Theme.swift */; };
		7B344FB8483CFD19E23FE67F /* ChatInFlightPlaceholderView.swift in Sources */ = {isa = PBXBuildFile; fileRef = 372859EF56AE692E12D52C31 /* ChatInFlightPlaceholderView.swift */; };
		80C9F09A4FE3A978D61E27F5 /* ChatTopBarView.swift in Sources */ = {isa = PBXBuildFile; fileRef = 064407015708A682A63CF7D8 /* ChatTopBarView.swift */; };
		82FD2FEB26F5F572E59FD057 /* BubbleActionBar.swift in Sources */ = {isa = PBXBuildFile; fileRef = 99995F751A26A362A2522D2F /* BubbleActionBar.swift */; };
		835F48448522A2A88E0C7165 /* MainTabView.swift in Sources */ = {isa = PBXBuildFile; fileRef = 9503A88EC7D490F2425318D0 /* MainTabView.swift */; };
		85D4C80001C8700309C59875 /* MessageBubbleView.swift in Sources */ = {isa = PBXBuildFile; fileRef = D8C3C41383CABE92AED74AF8 /* MessageBubbleView.swift */; };
		8A5A9BA341A670FC81416FDE /* MarkdownCards.swift in Sources */ = {isa = PBXBuildFile; fileRef = AA248235E4F8F54568B90C23 /* MarkdownCards.swift */; };
		A080A729E179FA79032A414E /* SessionDrawerSheet.swift in Sources */ = {isa = PBXBuildFile; fileRef = EEC763B7972BB3B1AF533EB4 /* SessionDrawerSheet.swift */; };
		A90220533C07201C3B17C5B6 /* SettingsView.swift in Sources */ = {isa = PBXBuildFile; fileRef = 6C3999D4D79E502B3827976F /* SettingsView.swift */; };
		AF3FBBCFB0CCECD37F56C829 /* AgentCreatorView.swift in Sources */ = {isa = PBXBuildFile; fileRef = F1BB3C5ED04BDD0018FB3421 /* AgentCreatorView.swift */; };
		B11A605E5DA136F4CEC7F3C3 /* ReasoningCard.swift in Sources */ = {isa = PBXBuildFile; fileRef = A8895E27447B9A9076EB1D59 /* ReasoningCard.swift */; };
		BF6487D4B02C2A259642AFD4 /* AttachmentCard.swift in Sources */ = {isa = PBXBuildFile; fileRef = 13E7BDD63EC61CE3C89D4C05 /* AttachmentCard.swift */; };
		C5628D34D35E19AAF03CA518 /* LoginView.swift in Sources */ = {isa = PBXBuildFile; fileRef = 1490C2A9375CE8604477437E /* LoginView.swift */; };
		C9A8805D56EF7F858B0ADD99 /* InboxFileManager.swift in Sources */ = {isa = PBXBuildFile; fileRef = F8E70EAC9E0B5B8A7FA5B187 /* InboxFileManager.swift */; };
		CA2644A033D838AAF6B53339 /* PluginRenderContext.swift in Sources */ = {isa = PBXBuildFile; fileRef = 154956AEA3EB99E3828A50FC /* PluginRenderContext.swift */; };
		D2BBAD0E6CB91667F92E60EA /* VoiceInputView.swift in Sources */ = {isa = PBXBuildFile; fileRef = AE840AF43A4B6B0BA1587D11 /* VoiceInputView.swift */; };
		D5E5539813EF231D57471760 /* ProfileEditSheet.swift in Sources */ = {isa = PBXBuildFile; fileRef = 77831964D4BC5807CFED21D0 /* ProfileEditSheet.swift */; };
		EA5709C3A46D1DE62905B40C /* ImageCard.swift in Sources */ = {isa = PBXBuildFile; fileRef = 42A09EB0901BFFE6D59012F0 /* ImageCard.swift */; };
		EA82BF67AC18747EC5F3FA3E /* KnowledgeView.swift in Sources */ = {isa = PBXBuildFile; fileRef = BCBB7C00E5A6746E434E2EBC /* KnowledgeView.swift */; };
		EB4EC10398BD98D6CA5312C5 /* Assets.xcassets in Resources */ = {isa = PBXBuildFile; fileRef = D1E31A390B5DA9F45A4E7E6F /* Assets.xcassets */; };
		F3462447EFD8BB4DAFA14A1E /* WeChatLinkValidator.swift in Sources */ = {isa = PBXBuildFile; fileRef = 8CC0682A56D72BAAB4097CFA /* WeChatLinkValidator.swift */; };
		F97A7339A74692F2CEE74D86 /* ThinkingPlaceholderView.swift in Sources */ = {isa = PBXBuildFile; fileRef = F6CC8A62E663E1EB37C7BE0B /* ThinkingPlaceholderView.swift */; };
		F9D61280C020B647D7B3E1D2 /* ChatMessageStreamView.swift in Sources */ = {isa = PBXBuildFile; fileRef = EF73CD2E97B8DC153BDFD826 /* ChatMessageStreamView.swift */; };
/* End PBXBuildFile section */

/* Begin PBXContainerItemProxy section */
		645AD8256E3BF3172DE4B331 /* PBXContainerItemProxy */ = {
			isa = PBXContainerItemProxy;
			containerPortal = 4E99030589BC0737CB96B594 /* Project object */;
			proxyType = 1;
			remoteGlobalIDString = E938C628C625CE7EB3E2B304;
			remoteInfo = AIPlatformApp;
		};
/* End PBXContainerItemProxy section */

/* Begin PBXFileReference section */
		064407015708A682A63CF7D8 /* ChatTopBarView.swift */ = {isa = PBXFileReference; lastKnownFileType = sourcecode.swift; path = ChatTopBarView.swift; sourceTree = "<group>"; };
		13E7BDD63EC61CE3C89D4C05 /* AttachmentCard.swift */ = {isa = PBXFileReference; lastKnownFileType = sourcecode.swift; path = AttachmentCard.swift; sourceTree = "<group>"; };
		1490C2A9375CE8604477437E /* LoginView.swift */ = {isa = PBXFileReference; lastKnownFileType = sourcecode.swift; path = LoginView.swift; sourceTree = "<group>"; };
		154956AEA3EB99E3828A50FC /* PluginRenderContext.swift */ = {isa = PBXFileReference; lastKnownFileType = sourcecode.swift; path = PluginRenderContext.swift; sourceTree = "<group>"; };
		2358634EFA73CA1C68794682 /* BlockCardDispatcher.swift */ = {isa = PBXFileReference; lastKnownFileType = sourcecode.swift; path = BlockCardDispatcher.swift; sourceTree = "<group>"; };
		2DF83086061F218C1259F32C /* ChartCard.swift */ = {isa = PBXFileReference; lastKnownFileType = sourcecode.swift; path = ChartCard.swift; sourceTree = "<group>"; };
		372859EF56AE692E12D52C31 /* ChatInFlightPlaceholderView.swift */ = {isa = PBXFileReference; lastKnownFileType = sourcecode.swift; path = ChatInFlightPlaceholderView.swift; sourceTree = "<group>"; };
		416F0C2DCD91D27B61D53C19 /* TopologyCanvasView.swift */ = {isa = PBXFileReference; lastKnownFileType = sourcecode.swift; path = TopologyCanvasView.swift; sourceTree = "<group>"; };
		42A09EB0901BFFE6D59012F0 /* ImageCard.swift */ = {isa = PBXFileReference; lastKnownFileType = sourcecode.swift; path = ImageCard.swift; sourceTree = "<group>"; };
		487851A719C4FA40DFA066AC /* ClarifyCard.swift */ = {isa = PBXFileReference; lastKnownFileType = sourcecode.swift; path = ClarifyCard.swift; sourceTree = "<group>"; };
		4E35AD99D2D7E9243E8DADC7 /* InfoPlist.strings */ = {isa = PBXFileReference; lastKnownFileType = text.plist.strings; name = InfoPlist.strings; path = "zh-Hans.lproj/InfoPlist.strings"; sourceTree = "<group>"; };
		53A0A7C38F5304D820B4AD91 /* TenantScopedCache.swift */ = {isa = PBXFileReference; lastKnownFileType = sourcecode.swift; path = TenantScopedCache.swift; sourceTree = "<group>"; };
		5739784ABF1359A2846D8888 /* APIClient.swift */ = {isa = PBXFileReference; lastKnownFileType = sourcecode.swift; path = APIClient.swift; sourceTree = "<group>"; };
		5B1D23EEB21DD2DD62B8D52D /* MarkdownBlockParser.swift */ = {isa = PBXFileReference; lastKnownFileType = sourcecode.swift; path = MarkdownBlockParser.swift; sourceTree = "<group>"; };
		62ED7CB52D98E7F4FE22A9D2 /* KnowledgeNoteStore.swift */ = {isa = PBXFileReference; lastKnownFileType = sourcecode.swift; path = KnowledgeNoteStore.swift; sourceTree = "<group>"; };
		649C465782634364AD5E28C2 /* TenantSessionCoordinator.swift */ = {isa = PBXFileReference; lastKnownFileType = sourcecode.swift; path = TenantSessionCoordinator.swift; sourceTree = "<group>"; };
		682708AC3F789E460269179F /* ChatHistoryStore.swift */ = {isa = PBXFileReference; lastKnownFileType = sourcecode.swift; path = ChatHistoryStore.swift; sourceTree = "<group>"; };
		6C3999D4D79E502B3827976F /* SettingsView.swift */ = {isa = PBXFileReference; lastKnownFileType = sourcecode.swift; path = SettingsView.swift; sourceTree = "<group>"; };
		77831964D4BC5807CFED21D0 /* ProfileEditSheet.swift */ = {isa = PBXFileReference; lastKnownFileType = sourcecode.swift; path = ProfileEditSheet.swift; sourceTree = "<group>"; };
		7A0179B18110033BC1CA0851 /* QuantumAvatarView.swift */ = {isa = PBXFileReference; lastKnownFileType = sourcecode.swift; path = QuantumAvatarView.swift; sourceTree = "<group>"; };
		7CE0824746D5B06C3C2B035E /* AIPlatformApp.app */ = {isa = PBXFileReference; includeInIndex = 0; lastKnownFileType = wrapper.application; path = AIPlatformApp.app; sourceTree = BUILT_PRODUCTS_DIR; };
		7F8D52A373AED7411BC20AF3 /* WorkflowLifecycleDTOTests.swift */ = {isa = PBXFileReference; lastKnownFileType = sourcecode.swift; path = WorkflowLifecycleDTOTests.swift; sourceTree = "<group>"; };
		865230675174544683A40C47 /* WorkflowDashboardView.swift */ = {isa = PBXFileReference; lastKnownFileType = sourcecode.swift; path = WorkflowDashboardView.swift; sourceTree = "<group>"; };
		8CC0682A56D72BAAB4097CFA /* WeChatLinkValidator.swift */ = {isa = PBXFileReference; lastKnownFileType = sourcecode.swift; path = WeChatLinkValidator.swift; sourceTree = "<group>"; };
		9503A88EC7D490F2425318D0 /* MainTabView.swift */ = {isa = PBXFileReference; lastKnownFileType = sourcecode.swift; path = MainTabView.swift; sourceTree = "<group>"; };
		95F6279732AE00F613FCAC2D /* KnowledgeNoteStoreTests.swift */ = {isa = PBXFileReference; lastKnownFileType = sourcecode.swift; path = KnowledgeNoteStoreTests.swift; sourceTree = "<group>"; };
		964A9F3CAD461856EAF48590 /* AIPlatformApp.swift */ = {isa = PBXFileReference; lastKnownFileType = sourcecode.swift; path = AIPlatformApp.swift; sourceTree = "<group>"; };
		99995F751A26A362A2522D2F /* BubbleActionBar.swift */ = {isa = PBXFileReference; lastKnownFileType = sourcecode.swift; path = BubbleActionBar.swift; sourceTree = "<group>"; };
		9F007D30AAE6DC11E06A5353 /* AIPlatformAppTests.xctest */ = {isa = PBXFileReference; includeInIndex = 0; lastKnownFileType = wrapper.cfbundle; path = AIPlatformAppTests.xctest; sourceTree = BUILT_PRODUCTS_DIR; };
		A789A71D20741647361F7B75 /* TableCard.swift */ = {isa = PBXFileReference; lastKnownFileType = sourcecode.swift; path = TableCard.swift; sourceTree = "<group>"; };
		A8895E27447B9A9076EB1D59 /* ReasoningCard.swift */ = {isa = PBXFileReference; lastKnownFileType = sourcecode.swift; path = ReasoningCard.swift; sourceTree = "<group>"; };
		AA248235E4F8F54568B90C23 /* MarkdownCards.swift */ = {isa = PBXFileReference; lastKnownFileType = sourcecode.swift; path = MarkdownCards.swift; sourceTree = "<group>"; };
		AC6CC416750077F6D7DF859B /* SpeechRecognizerService.swift */ = {isa = PBXFileReference; lastKnownFileType = sourcecode.swift; path = SpeechRecognizerService.swift; sourceTree = "<group>"; };
		AE840AF43A4B6B0BA1587D11 /* VoiceInputView.swift */ = {isa = PBXFileReference; lastKnownFileType = sourcecode.swift; path = VoiceInputView.swift; sourceTree = "<group>"; };
		B4C9371EEE0A71253EADCED7 /* Info.plist */ = {isa = PBXFileReference; lastKnownFileType = text.plist; path = Info.plist; sourceTree = "<group>"; };
		BB63B402208C7E69F946E7BD /* ChatInputBar.swift */ = {isa = PBXFileReference; lastKnownFileType = sourcecode.swift; path = ChatInputBar.swift; sourceTree = "<group>"; };
		BCBB7C00E5A6746E434E2EBC /* KnowledgeView.swift */ = {isa = PBXFileReference; lastKnownFileType = sourcecode.swift; path = KnowledgeView.swift; sourceTree = "<group>"; };
		BD70BD59CD071FB619837740 /* ChatView.swift */ = {isa = PBXFileReference; lastKnownFileType = sourcecode.swift; path = ChatView.swift; sourceTree = "<group>"; };
		C1F5BB3EF9C10F911B036B99 /* ChatStatusCards.swift */ = {isa = PBXFileReference; lastKnownFileType = sourcecode.swift; path = ChatStatusCards.swift; sourceTree = "<group>"; };
		C46EACC0E8183D29E10202F1 /* QuickCommandTracker.swift */ = {isa = PBXFileReference; lastKnownFileType = sourcecode.swift; path = QuickCommandTracker.swift; sourceTree = "<group>"; };
		CF013F7A1E943E1DB704B2C0 /* TokenSummaryCard.swift */ = {isa = PBXFileReference; lastKnownFileType = sourcecode.swift; path = TokenSummaryCard.swift; sourceTree = "<group>"; };
		D1E31A390B5DA9F45A4E7E6F /* Assets.xcassets */ = {isa = PBXFileReference; lastKnownFileType = folder.assetcatalog; path = Assets.xcassets; sourceTree = "<group>"; };
		D8C3C41383CABE92AED74AF8 /* MessageBubbleView.swift */ = {isa = PBXFileReference; lastKnownFileType = sourcecode.swift; path = MessageBubbleView.swift; sourceTree = "<group>"; };
		DEA8E5B249F6B3A2259CE92A /* PlusMenuSheet.swift */ = {isa = PBXFileReference; lastKnownFileType = sourcecode.swift; path = PlusMenuSheet.swift; sourceTree = "<group>"; };
		EEC763B7972BB3B1AF533EB4 /* SessionDrawerSheet.swift */ = {isa = PBXFileReference; lastKnownFileType = sourcecode.swift; path = SessionDrawerSheet.swift; sourceTree = "<group>"; };
		EF73CD2E97B8DC153BDFD826 /* ChatMessageStreamView.swift */ = {isa = PBXFileReference; lastKnownFileType = sourcecode.swift; path = ChatMessageStreamView.swift; sourceTree = "<group>"; };
		F1BB3C5ED04BDD0018FB3421 /* AgentCreatorView.swift */ = {isa = PBXFileReference; lastKnownFileType = sourcecode.swift; path = AgentCreatorView.swift; sourceTree = "<group>"; };
		F1BCBEC07C644E546DA3A3FD /* UIModels.swift */ = {isa = PBXFileReference; lastKnownFileType = sourcecode.swift; path = UIModels.swift; sourceTree = "<group>"; };
		F421FF9169B217EA9B1F3CB3 /* Theme.swift */ = {isa = PBXFileReference; lastKnownFileType = sourcecode.swift; path = Theme.swift; sourceTree = "<group>"; };
		F6CC8A62E663E1EB37C7BE0B /* ThinkingPlaceholderView.swift */ = {isa = PBXFileReference; lastKnownFileType = sourcecode.swift; path = ThinkingPlaceholderView.swift; sourceTree = "<group>"; };
		F8E70EAC9E0B5B8A7FA5B187 /* InboxFileManager.swift */ = {isa = PBXFileReference; lastKnownFileType = sourcecode.swift; path = InboxFileManager.swift; sourceTree = "<group>"; };
/* End PBXFileReference section */

/* Begin PBXGroup section */
		1E494BE1071AB4A216C8927B /* Voice */ = {
			isa = PBXGroup;
			children = (
				AE840AF43A4B6B0BA1587D11 /* VoiceInputView.swift */,
			);
			path = Voice;
			sourceTree = "<group>";
		};
		323A9E3F60AE15C3ADC6086C /* Cards */ = {
			isa = PBXGroup;
			children = (
				13E7BDD63EC61CE3C89D4C05 /* AttachmentCard.swift */,
				2DF83086061F218C1259F32C /* ChartCard.swift */,
				487851A719C4FA40DFA066AC /* ClarifyCard.swift */,
				42A09EB0901BFFE6D59012F0 /* ImageCard.swift */,
				AA248235E4F8F54568B90C23 /* MarkdownCards.swift */,
				A8895E27447B9A9076EB1D59 /* ReasoningCard.swift */,
				A789A71D20741647361F7B75 /* TableCard.swift */,
			);
			path = Cards;
			sourceTree = "<group>";
		};
		38001515C121931D55CB21B4 /* Views */ = {
			isa = PBXGroup;
			children = (
				9503A88EC7D490F2425318D0 /* MainTabView.swift */,
				CDAA444B31A04B9498C04D15 /* Auth */,
				CC09D9FDBF970F2C0D798DFA /* Chat */,
				F8FB98A8C1A0FBDBCC3F98CD /* Knowledge */,
				3E68705A20B184B4A4FD1603 /* Settings */,
				8DB5E2D6FB34E8870609C003 /* Shared */,
				5A8E130177EC425138211AC1 /* Topology */,
				1E494BE1071AB4A216C8927B /* Voice */,
				4B27D90F0CECB894B4022B50 /* Workflows */,
			);
			path = Views;
			sourceTree = "<group>";
		};
		3E68705A20B184B4A4FD1603 /* Settings */ = {
			isa = PBXGroup;
			children = (
				F1BB3C5ED04BDD0018FB3421 /* AgentCreatorView.swift */,
				77831964D4BC5807CFED21D0 /* ProfileEditSheet.swift */,
				6C3999D4D79E502B3827976F /* SettingsView.swift */,
				CF013F7A1E943E1DB704B2C0 /* TokenSummaryCard.swift */,
			);
			path = Settings;
			sourceTree = "<group>";
		};
		3ECD9A04E9174DD1C53CDB30 /* Dispatchers */ = {
			isa = PBXGroup;
			children = (
				2358634EFA73CA1C68794682 /* BlockCardDispatcher.swift */,
				154956AEA3EB99E3828A50FC /* PluginRenderContext.swift */,
			);
			path = Dispatchers;
			sourceTree = "<group>";
		};
		4B27D90F0CECB894B4022B50 /* Workflows */ = {
			isa = PBXGroup;
			children = (
				865230675174544683A40C47 /* WorkflowDashboardView.swift */,
			);
			path = Workflows;
			sourceTree = "<group>";
		};
		5154C68429469FA96ECF21FC = {
			isa = PBXGroup;
			children = (
				B8DAEDBECC4DC10057CD9C1C /* AIPlatformApp */,
				DC12126BBADC11E8C0D010FE /* AIPlatformAppTests */,
				66CC9398B1530934BB9FDDF8 /* Products */,
			);
			sourceTree = "<group>";
		};
		5A8E130177EC425138211AC1 /* Topology */ = {
			isa = PBXGroup;
			children = (
				416F0C2DCD91D27B61D53C19 /* TopologyCanvasView.swift */,
			);
			path = Topology;
			sourceTree = "<group>";
		};
		66CC9398B1530934BB9FDDF8 /* Products */ = {
			isa = PBXGroup;
			children = (
				7CE0824746D5B06C3C2B035E /* AIPlatformApp.app */,
				9F007D30AAE6DC11E06A5353 /* AIPlatformAppTests.xctest */,
			);
			name = Products;
			sourceTree = "<group>";
		};
		6767AA4A11C8D340E760E734 /* DesignSystem */ = {
			isa = PBXGroup;
			children = (
				F421FF9169B217EA9B1F3CB3 /* Theme.swift */,
			);
			path = DesignSystem;
			sourceTree = "<group>";
		};
		752B5D2CCC5797E821225F66 /* Coordinators */ = {
			isa = PBXGroup;
			children = (
				649C465782634364AD5E28C2 /* TenantSessionCoordinator.swift */,
			);
			path = Coordinators;
			sourceTree = "<group>";
		};
		86A09AB8A1F908988E6AE52E /* Services */ = {
			isa = PBXGroup;
			children = (
				682708AC3F789E460269179F /* ChatHistoryStore.swift */,
				F8E70EAC9E0B5B8A7FA5B187 /* InboxFileManager.swift */,
				62ED7CB52D98E7F4FE22A9D2 /* KnowledgeNoteStore.swift */,
				5B1D23EEB21DD2DD62B8D52D /* MarkdownBlockParser.swift */,
				C46EACC0E8183D29E10202F1 /* QuickCommandTracker.swift */,
				AC6CC416750077F6D7DF859B /* SpeechRecognizerService.swift */,
				53A0A7C38F5304D820B4AD91 /* TenantScopedCache.swift */,
				8CC0682A56D72BAAB4097CFA /* WeChatLinkValidator.swift */,
			);
			path = Services;
			sourceTree = "<group>";
		};
		8DB5E2D6FB34E8870609C003 /* Shared */ = {
			isa = PBXGroup;
			children = (
				7A0179B18110033BC1CA0851 /* QuantumAvatarView.swift */,
			);
			path = Shared;
			sourceTree = "<group>";
		};
		8E7BDED9593F5620FD21063A /* Components */ = {
			isa = PBXGroup;
			children = (
				99995F751A26A362A2522D2F /* BubbleActionBar.swift */,
				372859EF56AE692E12D52C31 /* ChatInFlightPlaceholderView.swift */,
				BB63B402208C7E69F946E7BD /* ChatInputBar.swift */,
				EF73CD2E97B8DC153BDFD826 /* ChatMessageStreamView.swift */,
				C1F5BB3EF9C10F911B036B99 /* ChatStatusCards.swift */,
				064407015708A682A63CF7D8 /* ChatTopBarView.swift */,
				EEC763B7972BB3B1AF533EB4 /* SessionDrawerSheet.swift */,
			);
			path = Components;
			sourceTree = "<group>";
		};
		B8DAEDBECC4DC10057CD9C1C /* AIPlatformApp */ = {
			isa = PBXGroup;
			children = (
				964A9F3CAD461856EAF48590 /* AIPlatformApp.swift */,
				D1E31A390B5DA9F45A4E7E6F /* Assets.xcassets */,
				B4C9371EEE0A71253EADCED7 /* Info.plist */,
				4E35AD99D2D7E9243E8DADC7 /* InfoPlist.strings */,
				6767AA4A11C8D340E760E734 /* DesignSystem */,
				EAFA6C978F4C7CF1755C429A /* Models */,
				E6E30EF1587F2687FB142EC0 /* Networking */,
				86A09AB8A1F908988E6AE52E /* Services */,
				38001515C121931D55CB21B4 /* Views */,
			);
			path = AIPlatformApp;
			sourceTree = "<group>";
		};
		CC09D9FDBF970F2C0D798DFA /* Chat */ = {
			isa = PBXGroup;
			children = (
				BD70BD59CD071FB619837740 /* ChatView.swift */,
				D8C3C41383CABE92AED74AF8 /* MessageBubbleView.swift */,
				DEA8E5B249F6B3A2259CE92A /* PlusMenuSheet.swift */,
				F6CC8A62E663E1EB37C7BE0B /* ThinkingPlaceholderView.swift */,
				323A9E3F60AE15C3ADC6086C /* Cards */,
				8E7BDED9593F5620FD21063A /* Components */,
				752B5D2CCC5797E821225F66 /* Coordinators */,
				3ECD9A04E9174DD1C53CDB30 /* Dispatchers */,
			);
			path = Chat;
			sourceTree = "<group>";
		};
		CDAA444B31A04B9498C04D15 /* Auth */ = {
			isa = PBXGroup;
			children = (
				1490C2A9375CE8604477437E /* LoginView.swift */,
			);
			path = Auth;
			sourceTree = "<group>";
		};
		DC12126BBADC11E8C0D010FE /* AIPlatformAppTests */ = {
			isa = PBXGroup;
			children = (
				95F6279732AE00F613FCAC2D /* KnowledgeNoteStoreTests.swift */,
				7F8D52A373AED7411BC20AF3 /* WorkflowLifecycleDTOTests.swift */,
			);
			path = AIPlatformAppTests;
			sourceTree = "<group>";
		};
		E6E30EF1587F2687FB142EC0 /* Networking */ = {
			isa = PBXGroup;
			children = (
				5739784ABF1359A2846D8888 /* APIClient.swift */,
			);
			path = Networking;
			sourceTree = "<group>";
		};
		EAFA6C978F4C7CF1755C429A /* Models */ = {
			isa = PBXGroup;
			children = (
				F1BCBEC07C644E546DA3A3FD /* UIModels.swift */,
			);
			path = Models;
			sourceTree = "<group>";
		};
		F8FB98A8C1A0FBDBCC3F98CD /* Knowledge */ = {
			isa = PBXGroup;
			children = (
				BCBB7C00E5A6746E434E2EBC /* KnowledgeView.swift */,
			);
			path = Knowledge;
			sourceTree = "<group>";
		};
/* End PBXGroup section */

/* Begin PBXNativeTarget section */
		287478BFBB6423EFA5B90DC4 /* AIPlatformAppTests */ = {
			isa = PBXNativeTarget;
			buildConfigurationList = EF2CB1FE8FF6B1E28B696EEE /* Build configuration list for PBXNativeTarget "AIPlatformAppTests" */;
			buildPhases = (
				21870063AE033ECBA4968AC7 /* Sources */,
			);
			buildRules = (
			);
			dependencies = (
				23F1E2DE82EC4DD06D1D500B /* PBXTargetDependency */,
			);
			name = AIPlatformAppTests;
			packageProductDependencies = (
			);
			productName = AIPlatformAppTests;
			productReference = 9F007D30AAE6DC11E06A5353 /* AIPlatformAppTests.xctest */;
			productType = "com.apple.product-type.bundle.unit-test";
		};
		E938C628C625CE7EB3E2B304 /* AIPlatformApp */ = {
			isa = PBXNativeTarget;
			buildConfigurationList = 63723AC0F4A39D1DC0AF8F57 /* Build configuration list for PBXNativeTarget "AIPlatformApp" */;
			buildPhases = (
				48AAA9836727B98528F3962F /* Sources */,
				00987747F71BE5DF9E6BA0B2 /* Resources */,
			);
			buildRules = (
			);
			dependencies = (
			);
			name = AIPlatformApp;
			packageProductDependencies = (
			);
			productName = AIPlatformApp;
			productReference = 7CE0824746D5B06C3C2B035E /* AIPlatformApp.app */;
			productType = "com.apple.product-type.application";
		};
/* End PBXNativeTarget section */

/* Begin PBXProject section */
		4E99030589BC0737CB96B594 /* Project object */ = {
			isa = PBXProject;
			attributes = {
				BuildIndependentTargetsInParallel = YES;
				LastUpgradeCheck = 2610;
				TargetAttributes = {
					287478BFBB6423EFA5B90DC4 = {
						DevelopmentTeam = AALA948YY5;
						ProvisioningStyle = Automatic;
					};
					E938C628C625CE7EB3E2B304 = {
						DevelopmentTeam = AALA948YY5;
						ProvisioningStyle = Automatic;
					};
				};
			};
			buildConfigurationList = CE9BE94AECA5AC64671543B4 /* Build configuration list for PBXProject "AIPlatformApp" */;
			developmentRegion = en;
			hasScannedForEncodings = 0;
			knownRegions = (
				Base,
				en,
				"zh-Hans",
			);
			mainGroup = 5154C68429469FA96ECF21FC;
			minimizedProjectReferenceProxies = 1;
			preferredProjectObjectVersion = 77;
			productRefGroup = 66CC9398B1530934BB9FDDF8 /* Products */;
			projectDirPath = "";
			projectRoot = "";
			targets = (
				E938C628C625CE7EB3E2B304 /* AIPlatformApp */,
				287478BFBB6423EFA5B90DC4 /* AIPlatformAppTests */,
			);
		};
/* End PBXProject section */

/* Begin PBXResourcesBuildPhase section */
		00987747F71BE5DF9E6BA0B2 /* Resources */ = {
			isa = PBXResourcesBuildPhase;
			buildActionMask = 2147483647;
			files = (
				EB4EC10398BD98D6CA5312C5 /* Assets.xcassets in Resources */,
				1B83E300CE2CE743A621F7C5 /* InfoPlist.strings in Resources */,
			);
			runOnlyForDeploymentPostprocessing = 0;
		};
/* End PBXResourcesBuildPhase section */

/* Begin PBXSourcesBuildPhase section */
		21870063AE033ECBA4968AC7 /* Sources */ = {
			isa = PBXSourcesBuildPhase;
			buildActionMask = 2147483647;
			files = (
				46A7BA6AEE27A567057B773D /* KnowledgeNoteStoreTests.swift in Sources */,
				47155502B4EED0A10D8AF2B3 /* WorkflowLifecycleDTOTests.swift in Sources */,
			);
			runOnlyForDeploymentPostprocessing = 0;
		};
		48AAA9836727B98528F3962F /* Sources */ = {
			isa = PBXSourcesBuildPhase;
			buildActionMask = 2147483647;
			files = (
				63861CBA7873320BCFB4FD2B /* AIPlatformApp.swift in Sources */,
				4D0490AB8539AF2303A30FD6 /* APIClient.swift in Sources */,
				AF3FBBCFB0CCECD37F56C829 /* AgentCreatorView.swift in Sources */,
				BF6487D4B02C2A259642AFD4 /* AttachmentCard.swift in Sources */,
				0D6B168E6164B25411D9D874 /* BlockCardDispatcher.swift in Sources */,
				82FD2FEB26F5F572E59FD057 /* BubbleActionBar.swift in Sources */,
				55FE0861FFFFA12CF6705B08 /* ChartCard.swift in Sources */,
				254C1CD57C1EACE9BAAF30A1 /* ChatHistoryStore.swift in Sources */,
				7B344FB8483CFD19E23FE67F /* ChatInFlightPlaceholderView.swift in Sources */,
				07939825DDB42FFA9B2649ED /* ChatInputBar.swift in Sources */,
				F9D61280C020B647D7B3E1D2 /* ChatMessageStreamView.swift in Sources */,
				353DDBE9B6F14BAA4DD7F20F /* ChatStatusCards.swift in Sources */,
				80C9F09A4FE3A978D61E27F5 /* ChatTopBarView.swift in Sources */,
				364D6C336F779FC90000B64E /* ChatView.swift in Sources */,
				1A5D7C672B1E21E9CBE54D6B /* ClarifyCard.swift in Sources */,
				EA5709C3A46D1DE62905B40C /* ImageCard.swift in Sources */,
				C9A8805D56EF7F858B0ADD99 /* InboxFileManager.swift in Sources */,
				1DEF132BBABAAE7BE740235E /* KnowledgeNoteStore.swift in Sources */,
				EA82BF67AC18747EC5F3FA3E /* KnowledgeView.swift in Sources */,
				C5628D34D35E19AAF03CA518 /* LoginView.swift in Sources */,
				835F48448522A2A88E0C7165 /* MainTabView.swift in Sources */,
				1EF0A40ED0CF79A929CB6F20 /* MarkdownBlockParser.swift in Sources */,
				8A5A9BA341A670FC81416FDE /* MarkdownCards.swift in Sources */,
				85D4C80001C8700309C59875 /* MessageBubbleView.swift in Sources */,
				CA2644A033D838AAF6B53339 /* PluginRenderContext.swift in Sources */,
				3FFEAF19DF3D4DE1A028D6F0 /* PlusMenuSheet.swift in Sources */,
				D5E5539813EF231D57471760 /* ProfileEditSheet.swift in Sources */,
				44364A0B81BC8C873E2A107F /* QuantumAvatarView.swift in Sources */,
				511FE1B06DE33A584C0A8C69 /* QuickCommandTracker.swift in Sources */,
				B11A605E5DA136F4CEC7F3C3 /* ReasoningCard.swift in Sources */,
				A080A729E179FA79032A414E /* SessionDrawerSheet.swift in Sources */,
				A90220533C07201C3B17C5B6 /* SettingsView.swift in Sources */,
				1995D55E8A97BAB4170D7656 /* SpeechRecognizerService.swift in Sources */,
				5820D9361C974E6882000A61 /* TableCard.swift in Sources */,
				6FC5CA31170585AF34752430 /* TenantScopedCache.swift in Sources */,
				1CFDE4C45A3F91B300210288 /* TenantSessionCoordinator.swift in Sources */,
				70A7548492134FB38A9468A2 /* Theme.swift in Sources */,
				F97A7339A74692F2CEE74D86 /* ThinkingPlaceholderView.swift in Sources */,
				4968A2BF3FA933724CA3EED1 /* TokenSummaryCard.swift in Sources */,
				54F1BB8A5626FEC33057A530 /* TopologyCanvasView.swift in Sources */,
				6519DC1C7260123F1CD43718 /* UIModels.swift in Sources */,
				D2BBAD0E6CB91667F92E60EA /* VoiceInputView.swift in Sources */,
				F3462447EFD8BB4DAFA14A1E /* WeChatLinkValidator.swift in Sources */,
				347B8891FA73F4A13044017F /* WorkflowDashboardView.swift in Sources */,
			);
			runOnlyForDeploymentPostprocessing = 0;
		};
/* End PBXSourcesBuildPhase section */

/* Begin PBXTargetDependency section */
		23F1E2DE82EC4DD06D1D500B /* PBXTargetDependency */ = {
			isa = PBXTargetDependency;
			target = E938C628C625CE7EB3E2B304 /* AIPlatformApp */;
			targetProxy = 645AD8256E3BF3172DE4B331 /* PBXContainerItemProxy */;
		};
/* End PBXTargetDependency section */

/* Begin XCBuildConfiguration section */
		03AA7B22D5AF6588DEBF3E7C /* Debug */ = {
			isa = XCBuildConfiguration;
			buildSettings = {
				BUNDLE_LOADER = "$(TEST_HOST)";
				CODE_SIGN_STYLE = Automatic;
				DEVELOPMENT_TEAM = AALA948YY5;
				GENERATE_INFOPLIST_FILE = YES;
				IPHONEOS_DEPLOYMENT_TARGET = 17.0;
				LD_RUNPATH_SEARCH_PATHS = (
					"$(inherited)",
					"@executable_path/Frameworks",
					"@loader_path/Frameworks",
				);
				PRODUCT_BUNDLE_IDENTIFIER = com.ailab.AIPlatformAppTests;
				SDKROOT = iphoneos;
				SWIFT_VERSION = 5.9;
				TARGETED_DEVICE_FAMILY = "1,2";
				TEST_HOST = "$(BUILT_PRODUCTS_DIR)/AIPlatformApp.app/AIPlatformApp";
			};
			name = Debug;
		};
		6B4BFC9A0160AB801E89BC3C /* Debug */ = {
			isa = XCBuildConfiguration;
			buildSettings = {
				ASSETCATALOG_COMPILER_APPICON_NAME = AppIcon;
				ASSETCATALOG_COMPILER_GENERATE_ASSET_SYMBOLS = YES;
				CODE_SIGN_IDENTITY = "iPhone Developer";
				CODE_SIGN_STYLE = Automatic;
				CURRENT_PROJECT_VERSION = 10;
				DEVELOPMENT_TEAM = AALA948YY5;
				INFOPLIST_FILE = AIPlatformApp/Info.plist;
				IPHONEOS_DEPLOYMENT_TARGET = 17.0;
				LD_RUNPATH_SEARCH_PATHS = (
					"$(inherited)",
					"@executable_path/Frameworks",
				);
				MARKETING_VERSION = 1.0.3;
				PRODUCT_BUNDLE_IDENTIFIER = com.ailab.AIPlatformApp;
				SDKROOT = iphoneos;
				SWIFT_VERSION = 5.9;
				TARGETED_DEVICE_FAMILY = "1,2";
			};
			name = Debug;
		};
		9C1A2EACE18BE0B6C1D232BA /* Debug */ = {
			isa = XCBuildConfiguration;
			buildSettings = {
				ALWAYS_SEARCH_USER_PATHS = NO;
				CLANG_ANALYZER_NONNULL = YES;
				CLANG_ANALYZER_NUMBER_OBJECT_CONVERSION = YES_AGGRESSIVE;
				CLANG_CXX_LANGUAGE_STANDARD = "gnu++14";
				CLANG_CXX_LIBRARY = "libc++";
				CLANG_ENABLE_MODULES = YES;
				CLANG_ENABLE_OBJC_ARC = YES;
				CLANG_ENABLE_OBJC_WEAK = YES;
				CLANG_WARN_BLOCK_CAPTURE_AUTORELEASING = YES;
				CLANG_WARN_BOOL_CONVERSION = YES;
				CLANG_WARN_COMMA = YES;
				CLANG_WARN_CONSTANT_CONVERSION = YES;
				CLANG_WARN_DEPRECATED_OBJC_IMPLEMENTATIONS = YES;
				CLANG_WARN_DIRECT_OBJC_ISA_USAGE = YES_ERROR;
				CLANG_WARN_DOCUMENTATION_COMMENTS = YES;
				CLANG_WARN_EMPTY_BODY = YES;
				CLANG_WARN_ENUM_CONVERSION = YES;
				CLANG_WARN_INFINITE_RECURSION = YES;
				CLANG_WARN_INT_CONVERSION = YES;
				CLANG_WARN_NON_LITERAL_NULL_CONVERSION = YES;
				CLANG_WARN_OBJC_IMPLICIT_RETAIN_SELF = YES;
				CLANG_WARN_OBJC_LITERAL_CONVERSION = YES;
				CLANG_WARN_OBJC_ROOT_CLASS = YES_ERROR;
				CLANG_WARN_QUOTED_INCLUDE_IN_FRAMEWORK_HEADER = YES;
				CLANG_WARN_RANGE_LOOP_ANALYSIS = YES;
				CLANG_WARN_STRICT_PROTOTYPES = YES;
				CLANG_WARN_SUSPICIOUS_MOVE = YES;
				CLANG_WARN_UNGUARDED_AVAILABILITY = YES_AGGRESSIVE;
				CLANG_WARN_UNREACHABLE_CODE = YES;
				CLANG_WARN__DUPLICATE_METHOD_MATCH = YES;
				COPY_PHASE_STRIP = NO;
				DEBUG_INFORMATION_FORMAT = dwarf;
				ENABLE_STRICT_OBJC_MSGSEND = YES;
				ENABLE_TESTABILITY = YES;
				GCC_C_LANGUAGE_STANDARD = gnu11;
				GCC_DYNAMIC_NO_PIC = NO;
				GCC_NO_COMMON_BLOCKS = YES;
				GCC_OPTIMIZATION_LEVEL = 0;
				GCC_PREPROCESSOR_DEFINITIONS = (
					"$(inherited)",
					"DEBUG=1",
				);
				GCC_WARN_64_TO_32_BIT_CONVERSION = YES;
				GCC_WARN_ABOUT_RETURN_TYPE = YES_ERROR;
				GCC_WARN_UNDECLARED_SELECTOR = YES;
				GCC_WARN_UNINITIALIZED_AUTOS = YES_AGGRESSIVE;
				GCC_WARN_UNUSED_FUNCTION = YES;
				GCC_WARN_UNUSED_VARIABLE = YES;
				IPHONEOS_DEPLOYMENT_TARGET = 17.0;
				MTL_ENABLE_DEBUG_INFO = INCLUDE_SOURCE;
				MTL_FAST_MATH = YES;
				ONLY_ACTIVE_ARCH = YES;
				PRODUCT_NAME = "$(TARGET_NAME)";
				SDKROOT = iphoneos;
				SWIFT_ACTIVE_COMPILATION_CONDITIONS = DEBUG;
				SWIFT_OPTIMIZATION_LEVEL = "-Onone";
				SWIFT_VERSION = 5.0;
			};
			name = Debug;
		};
		AFF0DADB59B40DAA79E23573 /* Release */ = {
			isa = XCBuildConfiguration;
			buildSettings = {
				BUNDLE_LOADER = "$(TEST_HOST)";
				CODE_SIGN_STYLE = Automatic;
				DEVELOPMENT_TEAM = AALA948YY5;
				GENERATE_INFOPLIST_FILE = YES;
				IPHONEOS_DEPLOYMENT_TARGET = 17.0;
				LD_RUNPATH_SEARCH_PATHS = (
					"$(inherited)",
					"@executable_path/Frameworks",
					"@loader_path/Frameworks",
				);
				PRODUCT_BUNDLE_IDENTIFIER = com.ailab.AIPlatformAppTests;
				SDKROOT = iphoneos;
				SWIFT_VERSION = 5.9;
				TARGETED_DEVICE_FAMILY = "1,2";
				TEST_HOST = "$(BUILT_PRODUCTS_DIR)/AIPlatformApp.app/AIPlatformApp";
			};
			name = Release;
		};
		BFEEF16D691D7572F4D06FAE /* Release */ = {
			isa = XCBuildConfiguration;
			buildSettings = {
				ASSETCATALOG_COMPILER_APPICON_NAME = AppIcon;
				ASSETCATALOG_COMPILER_GENERATE_ASSET_SYMBOLS = YES;
				CODE_SIGN_IDENTITY = "iPhone Developer";
				CODE_SIGN_STYLE = Automatic;
				CURRENT_PROJECT_VERSION = 10;
				DEVELOPMENT_TEAM = AALA948YY5;
				INFOPLIST_FILE = AIPlatformApp/Info.plist;
				IPHONEOS_DEPLOYMENT_TARGET = 17.0;
				LD_RUNPATH_SEARCH_PATHS = (
					"$(inherited)",
					"@executable_path/Frameworks",
				);
				MARKETING_VERSION = 1.0.3;
				PRODUCT_BUNDLE_IDENTIFIER = com.ailab.AIPlatformApp;
				SDKROOT = iphoneos;
				SWIFT_VERSION = 5.9;
				TARGETED_DEVICE_FAMILY = "1,2";
			};
			name = Release;
		};
		DBF274BD0D0323F60FEA7735 /* Release */ = {
			isa = XCBuildConfiguration;
			buildSettings = {
				ALWAYS_SEARCH_USER_PATHS = NO;
				CLANG_ANALYZER_NONNULL = YES;
				CLANG_ANALYZER_NUMBER_OBJECT_CONVERSION = YES_AGGRESSIVE;
				CLANG_CXX_LANGUAGE_STANDARD = "gnu++14";
				CLANG_CXX_LIBRARY = "libc++";
				CLANG_ENABLE_MODULES = YES;
				CLANG_ENABLE_OBJC_ARC = YES;
				CLANG_ENABLE_OBJC_WEAK = YES;
				CLANG_WARN_BLOCK_CAPTURE_AUTORELEASING = YES;
				CLANG_WARN_BOOL_CONVERSION = YES;
				CLANG_WARN_COMMA = YES;
				CLANG_WARN_CONSTANT_CONVERSION = YES;
				CLANG_WARN_DEPRECATED_OBJC_IMPLEMENTATIONS = YES;
				CLANG_WARN_DIRECT_OBJC_ISA_USAGE = YES_ERROR;
				CLANG_WARN_DOCUMENTATION_COMMENTS = YES;
				CLANG_WARN_EMPTY_BODY = YES;
				CLANG_WARN_ENUM_CONVERSION = YES;
				CLANG_WARN_INFINITE_RECURSION = YES;
				CLANG_WARN_INT_CONVERSION = YES;
				CLANG_WARN_NON_LITERAL_NULL_CONVERSION = YES;
				CLANG_WARN_OBJC_IMPLICIT_RETAIN_SELF = YES;
				CLANG_WARN_OBJC_LITERAL_CONVERSION = YES;
				CLANG_WARN_OBJC_ROOT_CLASS = YES_ERROR;
				CLANG_WARN_QUOTED_INCLUDE_IN_FRAMEWORK_HEADER = YES;
				CLANG_WARN_RANGE_LOOP_ANALYSIS = YES;
				CLANG_WARN_STRICT_PROTOTYPES = YES;
				CLANG_WARN_SUSPICIOUS_MOVE = YES;
				CLANG_WARN_UNGUARDED_AVAILABILITY = YES_AGGRESSIVE;
				CLANG_WARN_UNREACHABLE_CODE = YES;
				CLANG_WARN__DUPLICATE_METHOD_MATCH = YES;
				COPY_PHASE_STRIP = NO;
				DEBUG_INFORMATION_FORMAT = "dwarf-with-dsym";
				ENABLE_NS_ASSERTIONS = NO;
				ENABLE_STRICT_OBJC_MSGSEND = YES;
				GCC_C_LANGUAGE_STANDARD = gnu11;
				GCC_NO_COMMON_BLOCKS = YES;
				GCC_WARN_64_TO_32_BIT_CONVERSION = YES;
				GCC_WARN_ABOUT_RETURN_TYPE = YES_ERROR;
				GCC_WARN_UNDECLARED_SELECTOR = YES;
				GCC_WARN_UNINITIALIZED_AUTOS = YES_AGGRESSIVE;
				GCC_WARN_UNUSED_FUNCTION = YES;
				GCC_WARN_UNUSED_VARIABLE = YES;
				IPHONEOS_DEPLOYMENT_TARGET = 17.0;
				MTL_ENABLE_DEBUG_INFO = NO;
				MTL_FAST_MATH = YES;
				PRODUCT_NAME = "$(TARGET_NAME)";
				SDKROOT = iphoneos;
				SWIFT_COMPILATION_MODE = wholemodule;
				SWIFT_OPTIMIZATION_LEVEL = "-O";
				SWIFT_VERSION = 5.0;
			};
			name = Release;
		};
/* End XCBuildConfiguration section */

/* Begin XCConfigurationList section */
		63723AC0F4A39D1DC0AF8F57 /* Build configuration list for PBXNativeTarget "AIPlatformApp" */ = {
			isa = XCConfigurationList;
			buildConfigurations = (
				6B4BFC9A0160AB801E89BC3C /* Debug */,
				BFEEF16D691D7572F4D06FAE /* Release */,
			);
			defaultConfigurationIsVisible = 0;
			defaultConfigurationName = Debug;
		};
		CE9BE94AECA5AC64671543B4 /* Build configuration list for PBXProject "AIPlatformApp" */ = {
			isa = XCConfigurationList;
			buildConfigurations = (
				9C1A2EACE18BE0B6C1D232BA /* Debug */,
				DBF274BD0D0323F60FEA7735 /* Release */,
			);
			defaultConfigurationIsVisible = 0;
			defaultConfigurationName = Debug;
		};
		EF2CB1FE8FF6B1E28B696EEE /* Build configuration list for PBXNativeTarget "AIPlatformAppTests" */ = {
			isa = XCConfigurationList;
			buildConfigurations = (
				03AA7B22D5AF6588DEBF3E7C /* Debug */,
				AFF0DADB59B40DAA79E23573 /* Release */,
			);
			defaultConfigurationIsVisible = 0;
			defaultConfigurationName = Debug;
		};
/* End XCConfigurationList section */
	};
	rootObject = 4E99030589BC0737CB96B594 /* Project object */;
}
